
Microsoft Visual Studio Solution File, Format Version 12.00
# Visual Studio Version 17
VisualStudioVersion = 17.4.33403.182
MinimumVisualStudioVersion = 10.0.40219.1
Project("{FAE04EC0-301F-11D3-BF4B-00C04F79EFBC}") = "ProgressBar", "ProgressBar\ProgressBar.csproj", "{50A0249A-DE39-46D9-9280-B6BB2A7C4F21}"
EndProject
Global
	GlobalSection(SolutionConfigurationPlatforms) = preSolution
		Debug|Any CPU = Debug|Any CPU
		Release|Any CPU = Release|Any CPU
	EndGlobalSection
	GlobalSection(ProjectConfigurationPlatforms) = postSolution
		{50A0249A-DE39-46D9-9280-B6BB2A7C4F21}.Debug|Any CPU.ActiveCfg = Debug|Any CPU
		{50A0249A-DE39-46D9-9280-B6BB2A7C4F21}.Debug|Any CPU.Build.0 = Debug|Any CPU
		{50A0249A-DE39-46D9-9280-B6BB2A7C4F21}.Release|Any CPU.ActiveCfg = Release|Any CPU
		{50A0249A-DE39-46D9-9280-B6BB2A7C4F21}.Release|Any CPU.Build.0 = Release|Any CPU
	EndGlobalSection
	GlobalSection(SolutionProperties) = preSolution
		HideSolutionNode = FALSE
	EndGlobalSection
	GlobalSection(ExtensibilityGlobals) = postSolution
		SolutionGuid = {D1B7A5CE-F489-429D-81CB-D7D3F08D44D8}
	EndGlobalSection
EndGlobal
